
Microsoft Visual Studio Solution File, Format Version 11.00
# Visual Studio 2010
Project("{FAE04EC0-301F-11D3-BF4B-00C04F79EFBC}") = "Assembly-CSharp", "Assembly-CSharp.csproj", "{93FB38E2-E4DB-A351-A27E-DD795B46326C}"
EndProject
Project("{FAE04EC0-301F-11D3-BF4B-00C04F79EFBC}") = "Assembly-CSharp-Editor", "Assembly-CSharp-Editor.csproj", "{F7996746-F704-02A1-8AA4-FABE0E339D7A}"
EndProject
Global
	GlobalSection(SolutionConfigurationPlatforms) = preSolution
		Debug|Any CPU = Debug|Any CPU
		Release|Any CPU = Release|Any CPU
	EndGlobalSection
	GlobalSection(ProjectConfigurationPlatforms) = postSolution
		{93FB38E2-E4DB-A351-A27E-DD795B46326C}.Debug|Any CPU.ActiveCfg = Debug|Any CPU
		{93FB38E2-E4DB-A351-A27E-DD795B46326C}.Debug|Any CPU.Build.0 = Debug|Any CPU
		{93FB38E2-E4DB-A351-A27E-DD795B46326C}.Release|Any CPU.ActiveCfg = Release|Any CPU
		{93FB38E2-E4DB-A351-A27E-DD795B46326C}.Release|Any CPU.Build.0 = Release|Any CPU
		{F7996746-F704-02A1-8AA4-FABE0E339D7A}.Debug|Any CPU.ActiveCfg = Debug|Any CPU
		{F7996746-F704-02A1-8AA4-FABE0E339D7A}.Debug|Any CPU.Build.0 = Debug|Any CPU
		{F7996746-F704-02A1-8AA4-FABE0E339D7A}.Release|Any CPU.ActiveCfg = Release|Any CPU
		{F7996746-F704-02A1-8AA4-FABE0E339D7A}.Release|Any CPU.Build.0 = Release|Any CPU
	EndGlobalSection
	GlobalSection(SolutionProperties) = preSolution
		HideSolutionNode = FALSE
	EndGlobalSection
EndGlobal
